
Microsoft Visual Studio Solution File, Format Version 12.00
# Visual Studio Version 17
VisualStudioVersion = 17.0.31903.59
MinimumVisualStudioVersion = 10.0.40219.1
Project("{FAE04EC0-301F-11D3-BF4B-00C04F79EFBC}") = "Realchat.Tools.Ingestor", "Ingestor\Realchat.Tools.Ingestor.csproj", "{7F6F7B0E-5ABC-44DC-BD7A-6A995412315B}"
EndProject
Project("{FAE04EC0-301F-11D3-BF4B-00C04F79EFBC}") = "Realchat.Tools.Preprocessor", "Preprocessor\Realchat.Tools.Preprocessor.csproj", "{B7E2A2C5-A871-4B60-81CC-60CFC20203BE}"
EndProject
Global
	GlobalSection(SolutionProperties) = preSolution
		HideSolutionNode = FALSE
	EndGlobalSection
	GlobalSection(SolutionConfigurationPlatforms) = preSolution
		Debug|Any CPU = Debug|Any CPU
		Debug|x64 = Debug|x64
		Debug|x86 = Debug|x86
		Release|Any CPU = Release|Any CPU
		Release|x64 = Release|x64
		Release|x86 = Release|x86
	EndGlobalSection
	GlobalSection(ProjectConfigurationPlatforms) = postSolution
		{7F6F7B0E-5ABC-44DC-BD7A-6A995412315B}.Debug|Any CPU.ActiveCfg = Debug|Any CPU
		{7F6F7B0E-5ABC-44DC-BD7A-6A995412315B}.Debug|Any CPU.Build.0 = Debug|Any CPU
		{7F6F7B0E-5ABC-44DC-BD7A-6A995412315B}.Debug|x64.ActiveCfg = Debug|Any CPU
		{7F6F7B0E-5ABC-44DC-BD7A-6A995412315B}.Debug|x64.Build.0 = Debug|Any CPU
		{7F6F7B0E-5ABC-44DC-BD7A-6A995412315B}.Debug|x86.ActiveCfg = Debug|Any CPU
		{7F6F7B0E-5ABC-44DC-BD7A-6A995412315B}.Debug|x86.Build.0 = Debug|Any CPU
		{7F6F7B0E-5ABC-44DC-BD7A-6A995412315B}.Release|Any CPU.ActiveCfg = Release|Any CPU
		{7F6F7B0E-5ABC-44DC-BD7A-6A995412315B}.Release|Any CPU.Build.0 = Release|Any CPU
		{7F6F7B0E-5ABC-44DC-BD7A-6A995412315B}.Release|x64.ActiveCfg = Release|Any CPU
		{7F6F7B0E-5ABC-44DC-BD7A-6A995412315B}.Release|x64.Build.0 = Release|Any CPU
		{7F6F7B0E-5ABC-44DC-BD7A-6A995412315B}.Release|x86.ActiveCfg = Release|Any CPU
		{7F6F7B0E-5ABC-44DC-BD7A-6A995412315B}.Release|x86.Build.0 = Release|Any CPU
		{B7E2A2C5-A871-4B60-81CC-60CFC20203BE}.Debug|Any CPU.ActiveCfg = Debug|Any CPU
		{B7E2A2C5-A871-4B60-81CC-60CFC20203BE}.Debug|Any CPU.Build.0 = Debug|Any CPU
		{B7E2A2C5-A871-4B60-81CC-60CFC20203BE}.Debug|x64.ActiveCfg = Debug|Any CPU
		{B7E2A2C5-A871-4B60-81CC-60CFC20203BE}.Debug|x64.Build.0 = Debug|Any CPU
		{B7E2A2C5-A871-4B60-81CC-60CFC20203BE}.Debug|x86.ActiveCfg = Debug|Any CPU
		{B7E2A2C5-A871-4B60-81CC-60CFC20203BE}.Debug|x86.Build.0 = Debug|Any CPU
		{B7E2A2C5-A871-4B60-81CC-60CFC20203BE}.Release|Any CPU.ActiveCfg = Release|Any CPU
		{B7E2A2C5-A871-4B60-81CC-60CFC20203BE}.Release|Any CPU.Build.0 = Release|Any CPU
		{B7E2A2C5-A871-4B60-81CC-60CFC20203BE}.Release|x64.ActiveCfg = Release|Any CPU
		{B7E2A2C5-A871-4B60-81CC-60CFC20203BE}.Release|x64.Build.0 = Release|Any CPU
		{B7E2A2C5-A871-4B60-81CC-60CFC20203BE}.Release|x86.ActiveCfg = Release|Any CPU
		{B7E2A2C5-A871-4B60-81CC-60CFC20203BE}.Release|x86.Build.0 = Release|Any CPU
	EndGlobalSection
EndGlobal
